
Microsoft Visual Studio Solution File, Format Version 12.00
# Visual Studio Version 17
VisualStudioVersion = 17.0.31903.59
MinimumVisualStudioVersion = 10.0.40219.1
Project("{8BC9CEB8-8B4A-11D0-8D11-00A0C91BC942}") = "agc-dev", "src\app\agc-dev.vcxproj", "{5B2AE1F5-5457-46A6-B9BD-A2AAAE076432}"
EndProject
Project("{8BC9CEB8-8B4A-11D0-8D11-00A0C91BC942}") = "lib-cxx", "src\lib-cxx\lib-cxx.vcxproj", "{2ED76904-2299-4CFF-A406-00F77DEBF7B1}"
EndProject
Project("{8BC9CEB8-8B4A-11D0-8D11-00A0C91BC942}") = "libzstd", "3rd_party\zstd\build\VS2022\libzstd\libzstd.vcxproj", "{8BFD8150-94D5-4BF9-8A50-7BD9929A0850}"
EndProject
Project("{8BC9CEB8-8B4A-11D0-8D11-00A0C91BC942}") = "Raduls", "3rd_party\raduls-inplace\Raduls\Raduls.vcxproj", "{4C0F01B6-4967-40E6-A39A-90D9BB2281AD}"
EndProject
Project("{8BC9CEB8-8B4A-11D0-8D11-00A0C91BC942}") = "isa-l-vc", "3rd_party\isa-l\isa-l-vc.vcxproj", "{68837F79-3D7F-4F4A-AF10-99383B70F7A9}"
EndProject
Project("{8BC9CEB8-8B4A-11D0-8D11-00A0C91BC942}") = "libdeflate_static", "3rd_party\libdeflate\build-vs\libdeflate_static.vcxproj", "{0DF64642-6604-30B0-9FFA-1BB593BA2CB1}"
EndProject
Global
	GlobalSection(SolutionConfigurationPlatforms) = preSolution
		Debug|x64 = Debug|x64
		Debug|x86 = Debug|x86
		MinSizeRel|x64 = MinSizeRel|x64
		MinSizeRel|x86 = MinSizeRel|x86
		Release|x64 = Release|x64
		Release|x86 = Release|x86
		RelWithDebInfo|x64 = RelWithDebInfo|x64
		RelWithDebInfo|x86 = RelWithDebInfo|x86
	EndGlobalSection
	GlobalSection(ProjectConfigurationPlatforms) = postSolution
		{5B2AE1F5-5457-46A6-B9BD-A2AAAE076432}.Debug|x64.ActiveCfg = Debug|x64
		{5B2AE1F5-5457-46A6-B9BD-A2AAAE076432}.Debug|x64.Build.0 = Debug|x64
		{5B2AE1F5-5457-46A6-B9BD-A2AAAE076432}.Debug|x86.ActiveCfg = Debug|Win32
		{5B2AE1F5-5457-46A6-B9BD-A2AAAE076432}.Debug|x86.Build.0 = Debug|Win32
		{5B2AE1F5-5457-46A6-B9BD-A2AAAE076432}.MinSizeRel|x64.ActiveCfg = Release|x64
		{5B2AE1F5-5457-46A6-B9BD-A2AAAE076432}.MinSizeRel|x64.Build.0 = Release|x64
		{5B2AE1F5-5457-46A6-B9BD-A2AAAE076432}.MinSizeRel|x86.ActiveCfg = Release|Win32
		{5B2AE1F5-5457-46A6-B9BD-A2AAAE076432}.MinSizeRel|x86.Build.0 = Release|Win32
		{5B2AE1F5-5457-46A6-B9BD-A2AAAE076432}.Release|x64.ActiveCfg = Release|x64
		{5B2AE1F5-5457-46A6-B9BD-A2AAAE076432}.Release|x64.Build.0 = Release|x64
		{5B2AE1F5-5457-46A6-B9BD-A2AAAE076432}.Release|x86.ActiveCfg = Release|Win32
		{5B2AE1F5-5457-46A6-B9BD-A2AAAE076432}.Release|x86.Build.0 = Release|Win32
		{5B2AE1F5-5457-46A6-B9BD-A2AAAE076432}.RelWithDebInfo|x64.ActiveCfg = Release|x64
		{5B2AE1F5-5457-46A6-B9BD-A2AAAE076432}.RelWithDebInfo|x64.Build.0 = Release|x64
		{5B2AE1F5-5457-46A6-B9BD-A2AAAE076432}.RelWithDebInfo|x86.ActiveCfg = Release|Win32
		{5B2AE1F5-5457-46A6-B9BD-A2AAAE076432}.RelWithDebInfo|x86.Build.0 = Release|Win32
		{2ED76904-2299-4CFF-A406-00F77DEBF7B1}.Debug|x64.ActiveCfg = Debug|x64
		{2ED76904-2299-4CFF-A406-00F77DEBF7B1}.Debug|x64.Build.0 = Debug|x64
		{2ED76904-2299-4CFF-A406-00F77DEBF7B1}.Debug|x86.ActiveCfg = Debug|Win32
		{2ED76904-2299-4CFF-A406-00F77DEBF7B1}.Debug|x86.Build.0 = Debug|Win32
		{2ED76904-2299-4CFF-A406-00F77DEBF7B1}.MinSizeRel|x64.ActiveCfg = Release|x64
		{2ED76904-2299-4CFF-A406-00F77DEBF7B1}.MinSizeRel|x64.Build.0 = Release|x64
		{2ED76904-2299-4CFF-A406-00F77DEBF7B1}.MinSizeRel|x86.ActiveCfg = Release|Win32
		{2ED76904-2299-4CFF-A406-00F77DEBF7B1}.MinSizeRel|x86.Build.0 = Release|Win32
		{2ED76904-2299-4CFF-A406-00F77DEBF7B1}.Release|x64.ActiveCfg = Release|x64
		{2ED76904-2299-4CFF-A406-00F77DEBF7B1}.Release|x64.Build.0 = Release|x64
		{2ED76904-2299-4CFF-A406-00F77DEBF7B1}.Release|x86.ActiveCfg = Release|Win32
		{2ED76904-2299-4CFF-A406-00F77DEBF7B1}.Release|x86.Build.0 = Release|Win32
		{2ED76904-2299-4CFF-A406-00F77DEBF7B1}.RelWithDebInfo|x64.ActiveCfg = Release|x64
		{2ED76904-2299-4CFF-A406-00F77DEBF7B1}.RelWithDebInfo|x64.Build.0 = Release|x64
		{2ED76904-2299-4CFF-A406-00F77DEBF7B1}.RelWithDebInfo|x86.ActiveCfg = Release|Win32
		{2ED76904-2299-4CFF-A406-00F77DEBF7B1}.RelWithDebInfo|x86.Build.0 = Release|Win32
		{8BFD8150-94D5-4BF9-8A50-7BD9929A0850}.Debug|x64.ActiveCfg = Debug|x64
		{8BFD8150-94D5-4BF9-8A50-7BD9929A0850}.Debug|x64.Build.0 = Debug|x64
		{8BFD8150-94D5-4BF9-8A50-7BD9929A0850}.Debug|x86.ActiveCfg = Debug|Win32
		{8BFD8150-94D5-4BF9-8A50-7BD9929A0850}.Debug|x86.Build.0 = Debug|Win32
		{8BFD8150-94D5-4BF9-8A50-7BD9929A0850}.MinSizeRel|x64.ActiveCfg = Debug|x64
		{8BFD8150-94D5-4BF9-8A50-7BD9929A0850}.MinSizeRel|x64.Build.0 = Debug|x64
		{8BFD8150-94D5-4BF9-8A50-7BD9929A0850}.MinSizeRel|x86.ActiveCfg = Debug|Win32
		{8BFD8150-94D5-4BF9-8A50-7BD9929A0850}.MinSizeRel|x86.Build.0 = Debug|Win32
		{8BFD8150-94D5-4BF9-8A50-7BD9929A0850}.Release|x64.ActiveCfg = Release|x64
		{8BFD8150-94D5-4BF9-8A50-7BD9929A0850}.Release|x64.Build.0 = Release|x64
		{8BFD8150-94D5-4BF9-8A50-7BD9929A0850}.Release|x86.ActiveCfg = Release|Win32
		{8BFD8150-94D5-4BF9-8A50-7BD9929A0850}.Release|x86.Build.0 = Release|Win32
		{8BFD8150-94D5-4BF9-8A50-7BD9929A0850}.RelWithDebInfo|x64.ActiveCfg = Release|x64
		{8BFD8150-94D5-4BF9-8A50-7BD9929A0850}.RelWithDebInfo|x64.Build.0 = Release|x64
		{8BFD8150-94D5-4BF9-8A50-7BD9929A0850}.RelWithDebInfo|x86.ActiveCfg = Release|Win32
		{8BFD8150-94D5-4BF9-8A50-7BD9929A0850}.RelWithDebInfo|x86.Build.0 = Release|Win32
		{4C0F01B6-4967-40E6-A39A-90D9BB2281AD}.Debug|x64.ActiveCfg = Debug|x64
		{4C0F01B6-4967-40E6-A39A-90D9BB2281AD}.Debug|x64.Build.0 = Debug|x64
		{4C0F01B6-4967-40E6-A39A-90D9BB2281AD}.Debug|x86.ActiveCfg = Debug|Win32
		{4C0F01B6-4967-40E6-A39A-90D9BB2281AD}.Debug|x86.Build.0 = Debug|Win32
		{4C0F01B6-4967-40E6-A39A-90D9BB2281AD}.MinSizeRel|x64.ActiveCfg = Debug|x64
		{4C0F01B6-4967-40E6-A39A-90D9BB2281AD}.MinSizeRel|x64.Build.0 = Debug|x64
		{4C0F01B6-4967-40E6-A39A-90D9BB2281AD}.MinSizeRel|x86.ActiveCfg = Debug|Win32
		{4C0F01B6-4967-40E6-A39A-90D9BB2281AD}.MinSizeRel|x86.Build.0 = Debug|Win32
		{4C0F01B6-4967-40E6-A39A-90D9BB2281AD}.Release|x64.ActiveCfg = Release|x64
		{4C0F01B6-4967-40E6-A39A-90D9BB2281AD}.Release|x64.Build.0 = Release|x64
		{4C0F01B6-4967-40E6-A39A-90D9BB2281AD}.Release|x86.ActiveCfg = Release|Win32
		{4C0F01B6-4967-40E6-A39A-90D9BB2281AD}.Release|x86.Build.0 = Release|Win32
		{4C0F01B6-4967-40E6-A39A-90D9BB2281AD}.RelWithDebInfo|x64.ActiveCfg = Release|x64
		{4C0F01B6-4967-40E6-A39A-90D9BB2281AD}.RelWithDebInfo|x64.Build.0 = Release|x64
		{4C0F01B6-4967-40E6-A39A-90D9BB2281AD}.RelWithDebInfo|x86.ActiveCfg = Release|Win32
		{4C0F01B6-4967-40E6-A39A-90D9BB2281AD}.RelWithDebInfo|x86.Build.0 = Release|Win32
		{68837F79-3D7F-4F4A-AF10-99383B70F7A9}.Debug|x64.ActiveCfg = Debug|x64
		{68837F79-3D7F-4F4A-AF10-99383B70F7A9}.Debug|x64.Build.0 = Debug|x64
		{68837F79-3D7F-4F4A-AF10-99383B70F7A9}.Debug|x86.ActiveCfg = Debug|Win32
		{68837F79-3D7F-4F4A-AF10-99383B70F7A9}.Debug|x86.Build.0 = Debug|Win32
		{68837F79-3D7F-4F4A-AF10-99383B70F7A9}.MinSizeRel|x64.ActiveCfg = Debug|x64
		{68837F79-3D7F-4F4A-AF10-99383B70F7A9}.MinSizeRel|x64.Build.0 = Debug|x64
		{68837F79-3D7F-4F4A-AF10-99383B70F7A9}.MinSizeRel|x86.ActiveCfg = Debug|Win32
		{68837F79-3D7F-4F4A-AF10-99383B70F7A9}.MinSizeRel|x86.Build.0 = Debug|Win32
		{68837F79-3D7F-4F4A-AF10-99383B70F7A9}.Release|x64.ActiveCfg = Release|x64
		{68837F79-3D7F-4F4A-AF10-99383B70F7A9}.Release|x64.Build.0 = Release|x64
		{68837F79-3D7F-4F4A-AF10-99383B70F7A9}.Release|x86.ActiveCfg = Release|Win32
		{68837F79-3D7F-4F4A-AF10-99383B70F7A9}.Release|x86.Build.0 = Release|Win32
		{68837F79-3D7F-4F4A-AF10-99383B70F7A9}.RelWithDebInfo|x64.ActiveCfg = Release|x64
		{68837F79-3D7F-4F4A-AF10-99383B70F7A9}.RelWithDebInfo|x64.Build.0 = Release|x64
		{68837F79-3D7F-4F4A-AF10-99383B70F7A9}.RelWithDebInfo|x86.ActiveCfg = Release|Win32
		{68837F79-3D7F-4F4A-AF10-99383B70F7A9}.RelWithDebInfo|x86.Build.0 = Release|Win32
		{0DF64642-6604-30B0-9FFA-1BB593BA2CB1}.Debug|x64.ActiveCfg = Debug|x64
		{0DF64642-6604-30B0-9FFA-1BB593BA2CB1}.Debug|x64.Build.0 = Debug|x64
		{0DF64642-6604-30B0-9FFA-1BB593BA2CB1}.Debug|x86.ActiveCfg = Debug|x64
		{0DF64642-6604-30B0-9FFA-1BB593BA2CB1}.Debug|x86.Build.0 = Debug|x64
		{0DF64642-6604-30B0-9FFA-1BB593BA2CB1}.MinSizeRel|x64.ActiveCfg = MinSizeRel|x64
		{0DF64642-6604-30B0-9FFA-1BB593BA2CB1}.MinSizeRel|x64.Build.0 = MinSizeRel|x64
		{0DF64642-6604-30B0-9FFA-1BB593BA2CB1}.MinSizeRel|x86.ActiveCfg = MinSizeRel|x64
		{0DF64642-6604-30B0-9FFA-1BB593BA2CB1}.MinSizeRel|x86.Build.0 = MinSizeRel|x64
		{0DF64642-6604-30B0-9FFA-1BB593BA2CB1}.Release|x64.ActiveCfg = Release|x64
		{0DF64642-6604-30B0-9FFA-1BB593BA2CB1}.Release|x64.Build.0 = Release|x64
		{0DF64642-6604-30B0-9FFA-1BB593BA2CB1}.Release|x86.ActiveCfg = Release|x64
		{0DF64642-6604-30B0-9FFA-1BB593BA2CB1}.Release|x86.Build.0 = Release|x64
		{0DF64642-6604-30B0-9FFA-1BB593BA2CB1}.RelWithDebInfo|x64.ActiveCfg = RelWithDebInfo|x64
		{0DF64642-6604-30B0-9FFA-1BB593BA2CB1}.RelWithDebInfo|x64.Build.0 = RelWithDebInfo|x64
		{0DF64642-6604-30B0-9FFA-1BB593BA2CB1}.RelWithDebInfo|x86.ActiveCfg = RelWithDebInfo|x64
		{0DF64642-6604-30B0-9FFA-1BB593BA2CB1}.RelWithDebInfo|x86.Build.0 = RelWithDebInfo|x64
	EndGlobalSection
	GlobalSection(SolutionProperties) = preSolution
		HideSolutionNode = FALSE
	EndGlobalSection
	GlobalSection(ExtensibilityGlobals) = postSolution
		SolutionGuid = {21C1764D-6F99-4736-ABCB-242825AA9E40}
	EndGlobalSection
EndGlobal
