<?xml version="1.0" encoding="utf-8"?>
<Project ToolsVersion="4.0" xmlns="http://schemas.microsoft.com/developer/msbuild/2003">
  <ItemGroup>
    <Filter Include="Source Files">
      <UniqueIdentifier>{4FC737F1-C7A5-4376-A066-2A32D752A2FF}</UniqueIdentifier>
      <Extensions>cpp;c;cc;cxx;c++;cppm;ixx;def;odl;idl;hpj;bat;asm;asmx</Extensions>
    </Filter>
    <Filter Include="Header Files">
      <UniqueIdentifier>{93995380-89BD-4b04-88EB-625FBE52EBFB}</UniqueIdentifier>
      <Extensions>h;hh;hpp;hxx;h++;hm;inl;inc;ipp;xsd</Extensions>
    </Filter>
    <Filter Include="Resource Files">
      <UniqueIdentifier>{67DA6AB6-F800-4c08-8B7A-83BB121AAD01}</UniqueIdentifier>
      <Extensions>rc;ico;cur;bmp;dlg;rc2;rct;bin;rgs;gif;jpg;jpeg;jpe;resx;tiff;tif;png;wav;mfcribbon-ms</Extensions>
    </Filter>
    <Filter Include="Libs">
      <UniqueIdentifier>{99d14e4a-2ecf-4ebb-b815-51ee0856aff0}</UniqueIdentifier>
    </Filter>
    <Filter Include="Libs\Debug">
      <UniqueIdentifier>{dd1087be-e27f-4fcb-a612-979dfaf0c74a}</UniqueIdentifier>
    </Filter>
    <Filter Include="Libs\Release">
      <UniqueIdentifier>{744cb08d-8a9e-40a4-91ff-83781380fcd8}</UniqueIdentifier>
    </Filter>
  </ItemGroup>
  <ItemGroup>
    <Library Include="libs\Debug\libzstd_static.lib">
      <Filter>Libs\Debug</Filter>
    </Library>
    <Library Include="libs\Debug\zlibstat.lib">
      <Filter>Libs\Debug</Filter>
    </Library>
    <Library Include="libs\Release\libzstd_static.lib">
      <Filter>Libs\Release</Filter>
    </Library>
    <Library Include="libs\Release\zlibstat.lib">
      <Filter>Libs\Release</Filter>
    </Library>
    <Library Include="libs\mimalloc\mimalloc-static-debug.lib">
      <Filter>Libs\Debug</Filter>
    </Library>
    <Library Include="libs\mimalloc\mimalloc-static.lib">
      <Filter>Libs\Release</Filter>
    </Library>
    <Library Include="libs\Release\Raduls.lib">
      <Filter>Libs\Release</Filter>
    </Library>
    <Library Include="libs\Debug\Raduls.lib">
      <Filter>Libs\Debug</Filter>
    </Library>
  </ItemGroup>
  <ItemGroup>
    <ClInclude Include="libs\zstd.h">
      <Filter>Libs</Filter>
    </ClInclude>
    <ClInclude Include="libs\zstd_errors.h">
      <Filter>Libs</Filter>
    </ClInclude>
    <ClInclude Include="src\core\archive.h">
      <Filter>Header Files</Filter>
    </ClInclude>
    <ClInclude Include="src\core\collection.h">
      <Filter>Header Files</Filter>
    </ClInclude>
    <ClInclude Include="src\core\compressor.h">
      <Filter>Header Files</Filter>
    </ClInclude>
    <ClInclude Include="src\core\defs.h">
      <Filter>Header Files</Filter>
    </ClInclude>
    <ClInclude Include="src\core\genome_io.h">
      <Filter>Header Files</Filter>
    </ClInclude>
    <ClInclude Include="src\core\hs.h">
      <Filter>Header Files</Filter>
    </ClInclude>
    <ClInclude Include="src\core\io.h">
      <Filter>Header Files</Filter>
    </ClInclude>
    <ClInclude Include="src\core\kmer.h">
      <Filter>Header Files</Filter>
    </ClInclude>
    <ClInclude Include="src\core\lz_diff.h">
      <Filter>Header Files</Filter>
    </ClInclude>
    <ClInclude Include="src\core\murmur64_hash.h">
      <Filter>Header Files</Filter>
    </ClInclude>
    <ClInclude Include="src\core\queue.h">
      <Filter>Header Files</Filter>
    </ClInclude>
    <ClInclude Include="src\core\segment.h">
      <Filter>Header Files</Filter>
    </ClInclude>
    <ClInclude Include="src\core\utils.h">
      <Filter>Header Files</Filter>
    </ClInclude>
    <ClInclude Include="src\app\application.h">
      <Filter>Header Files</Filter>
    </ClInclude>
  </ItemGroup>
  <ItemGroup>
    <ClCompile Include="src\core\archive.cpp">
      <Filter>Source Files</Filter>
    </ClCompile>
    <ClCompile Include="src\core\collection.cpp">
      <Filter>Source Files</Filter>
    </ClCompile>
    <ClCompile Include="src\core\compressor.cpp">
      <Filter>Source Files</Filter>
    </ClCompile>
    <ClCompile Include="src\core\compressor_impl.cpp">
      <Filter>Source Files</Filter>
    </ClCompile>
    <ClCompile Include="src\core\genome_io.cpp">
      <Filter>Source Files</Filter>
    </ClCompile>
    <ClCompile Include="src\core\lz_diff.cpp">
      <Filter>Source Files</Filter>
    </ClCompile>
    <ClCompile Include="src\core\override-new-delete.cpp">
      <Filter>Source Files</Filter>
    </ClCompile>
    <ClCompile Include="src\core\segment.cpp">
      <Filter>Source Files</Filter>
    </ClCompile>
    <ClCompile Include="src\app\application.cpp">
      <Filter>Source Files</Filter>
    </ClCompile>
    <ClCompile Include="src\app\agc-dev.cpp">
      <Filter>Source Files</Filter>
    </ClCompile>
  </ItemGroup>
</Project>