<?xml version="1.0" encoding="utf-8"?>
<Project ToolsVersion="4.0" xmlns="http://schemas.microsoft.com/developer/msbuild/2003">
  <ItemGroup>
    <ClCompile Include="main.cpp">
      <Filter>Source files</Filter>
    </ClCompile>
    <ClCompile Include="application.cpp">
      <Filter>Source files</Filter>
    </ClCompile>
    <ClCompile Include="..\core\archive.cpp">
      <Filter>Source files</Filter>
    </ClCompile>
    <ClCompile Include="..\core\collection.cpp">
      <Filter>Source files</Filter>
    </ClCompile>
    <ClCompile Include="..\core\agc_basic.cpp">
      <Filter>Source files</Filter>
    </ClCompile>
    <ClCompile Include="..\core\genome_io.cpp">
      <Filter>Source files</Filter>
    </ClCompile>
    <ClCompile Include="..\core\lz_diff.cpp">
      <Filter>Source files</Filter>
    </ClCompile>
    <ClCompile Include="..\core\segment.cpp">
      <Filter>Source files</Filter>
    </ClCompile>
    <ClCompile Include="..\..\libs\mimalloc\override-new-delete.cpp">
      <Filter>Library files</Filter>
    </ClCompile>
    <ClCompile Include="..\core\agc_compressor.cpp">
      <Filter>Source files</Filter>
    </ClCompile>
    <ClCompile Include="..\core\agc_decompressor.cpp">
      <Filter>Source files</Filter>
    </ClCompile>
    <ClCompile Include="..\core\agc_decompressor_lib.cpp">
      <Filter>Source files</Filter>
    </ClCompile>
    <ClCompile Include="..\core\collection_v3.cpp">
      <Filter>Source files</Filter>
    </ClCompile>
    <ClCompile Include="..\core\collection_v2.cpp">
      <Filter>Source files</Filter>
    </ClCompile>
    <ClCompile Include="..\core\collection_v1.cpp">
      <Filter>Source files</Filter>
    </ClCompile>
    <ClCompile Include="..\core\utils.cpp">
      <Filter>Source files</Filter>
    </ClCompile>
  </ItemGroup>
  <ItemGroup>
    <ClInclude Include="application.h">
      <Filter>Header files</Filter>
    </ClInclude>
    <ClInclude Include="..\core\archive.h">
      <Filter>Header files</Filter>
    </ClInclude>
    <ClInclude Include="..\core\collection.h">
      <Filter>Header files</Filter>
    </ClInclude>
    <ClInclude Include="..\core\defs.h">
      <Filter>Header files</Filter>
    </ClInclude>
    <ClInclude Include="..\core\genome_io.h">
      <Filter>Header files</Filter>
    </ClInclude>
    <ClInclude Include="..\core\hs.h">
      <Filter>Header files</Filter>
    </ClInclude>
    <ClInclude Include="..\core\io.h">
      <Filter>Header files</Filter>
    </ClInclude>
    <ClInclude Include="..\core\kmer.h">
      <Filter>Header files</Filter>
    </ClInclude>
    <ClInclude Include="..\core\lz_diff.h">
      <Filter>Header files</Filter>
    </ClInclude>
    <ClInclude Include="..\core\queue.h">
      <Filter>Header files</Filter>
    </ClInclude>
    <ClInclude Include="..\core\segment.h">
      <Filter>Header files</Filter>
    </ClInclude>
    <ClInclude Include="..\core\utils.h">
      <Filter>Header files</Filter>
    </ClInclude>
    <ClInclude Include="..\..\libs\zstd.h">
      <Filter>Library files</Filter>
    </ClInclude>
    <ClInclude Include="..\..\libs\zstd_errors.h">
      <Filter>Library files</Filter>
    </ClInclude>
    <ClInclude Include="..\core\agc_compressor.h">
      <Filter>Header files</Filter>
    </ClInclude>
    <ClInclude Include="..\core\agc_decompressor.h">
      <Filter>Header files</Filter>
    </ClInclude>
    <ClInclude Include="..\core\agc_basic.h">
      <Filter>Header files</Filter>
    </ClInclude>
    <ClInclude Include="..\core\agc_decompressor_lib.h">
      <Filter>Header files</Filter>
    </ClInclude>
    <ClInclude Include="..\core\collection_v3.h">
      <Filter>Header files</Filter>
    </ClInclude>
    <ClInclude Include="..\core\collection_v2.h">
      <Filter>Header files</Filter>
    </ClInclude>
    <ClInclude Include="..\core\collection_v1.h">
      <Filter>Header files</Filter>
    </ClInclude>
  </ItemGroup>
  <ItemGroup>
    <Library Include="..\..\libs\Release\libzstd_static.lib">
      <Filter>Library files\Release</Filter>
    </Library>
    <Library Include="..\..\libs\mimalloc\mimalloc-static.lib">
      <Filter>Library files\Release</Filter>
    </Library>
    <Library Include="..\..\libs\Release\Raduls.lib">
      <Filter>Library files\Release</Filter>
    </Library>
    <Library Include="..\..\libs\Release\zlibstat.lib">
      <Filter>Library files\Release</Filter>
    </Library>
    <Library Include="..\..\libs\Debug\libzstd_static.lib">
      <Filter>Library files\Debug</Filter>
    </Library>
    <Library Include="..\..\libs\mimalloc\mimalloc-static-debug.lib">
      <Filter>Library files\Debug</Filter>
    </Library>
    <Library Include="..\..\libs\Debug\zlibstat.lib">
      <Filter>Library files\Debug</Filter>
    </Library>
    <Library Include="..\..\libs\Debug\Raduls.lib">
      <Filter>Library files\Debug</Filter>
    </Library>
    <Library Include="..\..\libs\cloudflare-zlib\zlib.lib">
      <Filter>Library files</Filter>
    </Library>
  </ItemGroup>
  <ItemGroup>
    <Filter Include="Header files">
      <UniqueIdentifier>{e8fed254-fa42-4bc4-b55e-7d71abc425fc}</UniqueIdentifier>
    </Filter>
    <Filter Include="Source files">
      <UniqueIdentifier>{9e4517f0-f183-4e7d-8ee9-e5c975e4f7ba}</UniqueIdentifier>
    </Filter>
    <Filter Include="Library files">
      <UniqueIdentifier>{dae35935-931a-479e-85bb-e79d01aa7edd}</UniqueIdentifier>
    </Filter>
    <Filter Include="Library files\Debug">
      <UniqueIdentifier>{32630fa5-8cfd-4577-8a14-4020b7088a13}</UniqueIdentifier>
    </Filter>
    <Filter Include="Library files\Release">
      <UniqueIdentifier>{095443d5-e0d4-4e34-85a2-75d44dd59511}</UniqueIdentifier>
    </Filter>
  </ItemGroup>
</Project>